
Microsoft Visual Studio Solution File, Format Version 12.00
# Visual Studio Version 16
VisualStudioVersion = 16.0.30907.101
MinimumVisualStudioVersion = 10.0.40219.1
Project("{9A19103F-16F7-4668-BE54-9A1E7A4F7556}") = "FrostHelper", "FrostHelper\FrostHelper.csproj", "{39D6D642-CFCD-42F1-B05C-7AD194D9D91B}"
EndProject
Project("{2150E333-8FDC-42A3-9474-1A3956D46DE8}") = "Solution Items", "Solution Items", "{368988A9-FCC3-4E35-BD78-CCBEE363A022}"
	ProjectSection(SolutionItems) = preProject
		.editorconfig = .editorconfig
	EndProjectSection
EndProject
Global
	GlobalSection(SolutionConfigurationPlatforms) = preSolution
		Debug|Any CPU = Debug|Any CPU
		Release|Any CPU = Release|Any CPU
	EndGlobalSection
	GlobalSection(ProjectConfigurationPlatforms) = postSolution
		{39D6D642-CFCD-42F1-B05C-7AD194D9D91B}.Debug|Any CPU.ActiveCfg = Debug|Any CPU
		{39D6D642-CFCD-42F1-B05C-7AD194D9D91B}.Debug|Any CPU.Build.0 = Debug|Any CPU
		{39D6D642-CFCD-42F1-B05C-7AD194D9D91B}.Release|Any CPU.ActiveCfg = Release|Any CPU
		{39D6D642-CFCD-42F1-B05C-7AD194D9D91B}.Release|Any CPU.Build.0 = Release|Any CPU
	EndGlobalSection
	GlobalSection(SolutionProperties) = preSolution
		HideSolutionNode = FALSE
	EndGlobalSection
	GlobalSection(ExtensibilityGlobals) = postSolution
		SolutionGuid = {BCED6207-996B-4A8D-B5C5-C7B63AE0507C}
	EndGlobalSection
EndGlobal
