
Microsoft Visual Studio Solution File, Format Version 12.00
# Visual Studio 15
VisualStudioVersion = 15.0.28307.421
MinimumVisualStudioVersion = 10.0.40219.1
Project("{FAE04EC0-301F-11D3-BF4B-00C04F79EFBC}") = "FrostHelper", "FrostHelper\FrostHelper.csproj", "{39D6D642-CFCD-42F1-B05C-7AD194D9D91B}"
EndProject
Global
	GlobalSection(SolutionConfigurationPlatforms) = preSolution
		Debug|Any CPU = Debug|Any CPU
		Release|Any CPU = Release|Any CPU
	EndGlobalSection
	GlobalSection(ProjectConfigurationPlatforms) = postSolution
		{39D6D642-CFCD-42F1-B05C-7AD194D9D91B}.Debug|Any CPU.ActiveCfg = Debug|Any CPU
		{39D6D642-CFCD-42F1-B05C-7AD194D9D91B}.Debug|Any CPU.Build.0 = Debug|Any CPU
		{39D6D642-CFCD-42F1-B05C-7AD194D9D91B}.Release|Any CPU.ActiveCfg = Release|Any CPU
		{39D6D642-CFCD-42F1-B05C-7AD194D9D91B}.Release|Any CPU.Build.0 = Release|Any CPU
	EndGlobalSection
	GlobalSection(SolutionProperties) = preSolution
		HideSolutionNode = FALSE
	EndGlobalSection
	GlobalSection(ExtensibilityGlobals) = postSolution
		SolutionGuid = {BCED6207-996B-4A8D-B5C5-C7B63AE0507C}
	EndGlobalSection
EndGlobal
